
Microsoft Visual Studio Solution File, Format Version 11.00
# Visual Studio 2010
Project("{FAE04EC0-301F-11D3-BF4B-00C04F79EFBC}") = "Docary", "Docary\Docary.csproj", "{32EBEF9F-807B-4EA0-AFAF-93EE702C82C0}"
EndProject
Project("{FAE04EC0-301F-11D3-BF4B-00C04F79EFBC}") = "Docary.Models", "Docary.Models\Docary.Models.csproj", "{DE1C8439-CE82-442B-9C6D-6282F553B95B}"
EndProject
Project("{FAE04EC0-301F-11D3-BF4B-00C04F79EFBC}") = "Docary.ViewModels", "Docary.ViewModels\Docary.ViewModels.csproj", "{2DFF28A4-78C7-4769-8B82-231A1B25AB60}"
EndProject
Project("{FAE04EC0-301F-11D3-BF4B-00C04F79EFBC}") = "Docary.Services", "Docary.Services\Docary.Services.csproj", "{AA2BF642-4B73-4118-9E2E-4C07A4A26F06}"
EndProject
Project("{FAE04EC0-301F-11D3-BF4B-00C04F79EFBC}") = "Docary.Repositories.EF", "Docary.Repositories.EF\Docary.Repositories.EF.csproj", "{64686E31-D57E-4E3C-ABDB-02EE4CAA9285}"
EndProject
Project("{FAE04EC0-301F-11D3-BF4B-00C04F79EFBC}") = "Docary.Repositories", "Docary.Repositories\Docary.Repositories.csproj", "{6A2ACFF5-F216-4396-A4CF-E854ED33B254}"
EndProject
Project("{2150E333-8FDC-42A3-9474-1A3956D46DE8}") = "Solution Items", "Solution Items", "{D6E457A6-11DD-4857-836B-DB0ABAE5A533}"
	ProjectSection(SolutionItems) = preProject
		Docary.vsmdi = Docary.vsmdi
		Local.testsettings = Local.testsettings
		TraceAndTestImpact.testsettings = TraceAndTestImpact.testsettings
	EndProjectSection
EndProject
Project("{FAE04EC0-301F-11D3-BF4B-00C04F79EFBC}") = "Docary.ViewModelAssemblers", "Docary.Assemblers\Docary.ViewModelAssemblers.csproj", "{B5A3A843-E5DF-4053-AD7E-464C5014C825}"
EndProject
Project("{FAE04EC0-301F-11D3-BF4B-00C04F79EFBC}") = "Docary.Services.Tests", "Docary.Services.Tests\Docary.Services.Tests.csproj", "{73070503-0470-47DA-B686-C4C11489CB05}"
EndProject
Project("{FAE04EC0-301F-11D3-BF4B-00C04F79EFBC}") = "Docary.ViewModelAssemblers.Test", "Docary.ViewModelAssemblers.Test\Docary.ViewModelAssemblers.Test.csproj", "{ACAA433E-AB18-4B87-BCA1-29CE8DF139E2}"
EndProject
Project("{FAE04EC0-301F-11D3-BF4B-00C04F79EFBC}") = "Docary.ViewModelExtractors", "Docary.ViewModelExtractors\Docary.ViewModelExtractors.csproj", "{2EB80EFD-E718-49F0-A8F7-3CEF2530AD5C}"
EndProject
Project("{FAE04EC0-301F-11D3-BF4B-00C04F79EFBC}") = "Docary.ViewModelExtractors.Tests", "Docary.ViewModelExtractors.Tests\Docary.ViewModelExtractors.Tests.csproj", "{5C9A8F90-51BF-4689-9089-7F918959E85B}"
EndProject
Project("{FAE04EC0-301F-11D3-BF4B-00C04F79EFBC}") = "Docary.MvcExtensions", "Docary.MvcExtensions\Docary.MvcExtensions.csproj", "{7A820C62-07C3-427C-9C22-7BCBEB7402A7}"
EndProject
Project("{FAE04EC0-301F-11D3-BF4B-00C04F79EFBC}") = "Docary.MvcExtensions.Test", "Docary.MvcExtensions.Test\Docary.MvcExtensions.Test.csproj", "{5E58375A-2D5E-4443-9FBB-A40751559AC6}"
EndProject
Project("{FAE04EC0-301F-11D3-BF4B-00C04F79EFBC}") = "Docary.Tests", "Docary.Tests\Docary.Tests.csproj", "{3399E548-D6B8-4B33-AF9A-C3ADAD4BE269}"
EndProject
Global
	GlobalSection(TestCaseManagementSettings) = postSolution
		CategoryFile = Docary.vsmdi
	EndGlobalSection
	GlobalSection(SolutionConfigurationPlatforms) = preSolution
		Debug|Any CPU = Debug|Any CPU
		Debug|Mixed Platforms = Debug|Mixed Platforms
		Debug|x86 = Debug|x86
		Release|Any CPU = Release|Any CPU
		Release|Mixed Platforms = Release|Mixed Platforms
		Release|x86 = Release|x86
	EndGlobalSection
	GlobalSection(ProjectConfigurationPlatforms) = postSolution
		{32EBEF9F-807B-4EA0-AFAF-93EE702C82C0}.Debug|Any CPU.ActiveCfg = Debug|Any CPU
		{32EBEF9F-807B-4EA0-AFAF-93EE702C82C0}.Debug|Any CPU.Build.0 = Debug|Any CPU
		{32EBEF9F-807B-4EA0-AFAF-93EE702C82C0}.Debug|Mixed Platforms.ActiveCfg = Debug|Any CPU
		{32EBEF9F-807B-4EA0-AFAF-93EE702C82C0}.Debug|Mixed Platforms.Build.0 = Debug|Any CPU
		{32EBEF9F-807B-4EA0-AFAF-93EE702C82C0}.Debug|x86.ActiveCfg = Debug|Any CPU
		{32EBEF9F-807B-4EA0-AFAF-93EE702C82C0}.Release|Any CPU.ActiveCfg = Release|Any CPU
		{32EBEF9F-807B-4EA0-AFAF-93EE702C82C0}.Release|Any CPU.Build.0 = Release|Any CPU
		{32EBEF9F-807B-4EA0-AFAF-93EE702C82C0}.Release|Mixed Platforms.ActiveCfg = Release|Any CPU
		{32EBEF9F-807B-4EA0-AFAF-93EE702C82C0}.Release|Mixed Platforms.Build.0 = Release|Any CPU
		{32EBEF9F-807B-4EA0-AFAF-93EE702C82C0}.Release|x86.ActiveCfg = Release|Any CPU
		{DE1C8439-CE82-442B-9C6D-6282F553B95B}.Debug|Any CPU.ActiveCfg = Debug|Any CPU
		{DE1C8439-CE82-442B-9C6D-6282F553B95B}.Debug|Any CPU.Build.0 = Debug|Any CPU
		{DE1C8439-CE82-442B-9C6D-6282F553B95B}.Debug|Mixed Platforms.ActiveCfg = Debug|Any CPU
		{DE1C8439-CE82-442B-9C6D-6282F553B95B}.Debug|Mixed Platforms.Build.0 = Debug|Any CPU
		{DE1C8439-CE82-442B-9C6D-6282F553B95B}.Debug|x86.ActiveCfg = Debug|Any CPU
		{DE1C8439-CE82-442B-9C6D-6282F553B95B}.Release|Any CPU.ActiveCfg = Release|Any CPU
		{DE1C8439-CE82-442B-9C6D-6282F553B95B}.Release|Any CPU.Build.0 = Release|Any CPU
		{DE1C8439-CE82-442B-9C6D-6282F553B95B}.Release|Mixed Platforms.ActiveCfg = Release|Any CPU
		{DE1C8439-CE82-442B-9C6D-6282F553B95B}.Release|Mixed Platforms.Build.0 = Release|Any CPU
		{DE1C8439-CE82-442B-9C6D-6282F553B95B}.Release|x86.ActiveCfg = Release|Any CPU
		{2DFF28A4-78C7-4769-8B82-231A1B25AB60}.Debug|Any CPU.ActiveCfg = Debug|Any CPU
		{2DFF28A4-78C7-4769-8B82-231A1B25AB60}.Debug|Any CPU.Build.0 = Debug|Any CPU
		{2DFF28A4-78C7-4769-8B82-231A1B25AB60}.Debug|Mixed Platforms.ActiveCfg = Debug|Any CPU
		{2DFF28A4-78C7-4769-8B82-231A1B25AB60}.Debug|Mixed Platforms.Build.0 = Debug|Any CPU
		{2DFF28A4-78C7-4769-8B82-231A1B25AB60}.Debug|x86.ActiveCfg = Debug|Any CPU
		{2DFF28A4-78C7-4769-8B82-231A1B25AB60}.Release|Any CPU.ActiveCfg = Release|Any CPU
		{2DFF28A4-78C7-4769-8B82-231A1B25AB60}.Release|Any CPU.Build.0 = Release|Any CPU
		{2DFF28A4-78C7-4769-8B82-231A1B25AB60}.Release|Mixed Platforms.ActiveCfg = Release|Any CPU
		{2DFF28A4-78C7-4769-8B82-231A1B25AB60}.Release|Mixed Platforms.Build.0 = Release|Any CPU
		{2DFF28A4-78C7-4769-8B82-231A1B25AB60}.Release|x86.ActiveCfg = Release|Any CPU
		{AA2BF642-4B73-4118-9E2E-4C07A4A26F06}.Debug|Any CPU.ActiveCfg = Debug|Any CPU
		{AA2BF642-4B73-4118-9E2E-4C07A4A26F06}.Debug|Any CPU.Build.0 = Debug|Any CPU
		{AA2BF642-4B73-4118-9E2E-4C07A4A26F06}.Debug|Mixed Platforms.ActiveCfg = Debug|Any CPU
		{AA2BF642-4B73-4118-9E2E-4C07A4A26F06}.Debug|Mixed Platforms.Build.0 = Debug|Any CPU
		{AA2BF642-4B73-4118-9E2E-4C07A4A26F06}.Debug|x86.ActiveCfg = Debug|Any CPU
		{AA2BF642-4B73-4118-9E2E-4C07A4A26F06}.Release|Any CPU.ActiveCfg = Release|Any CPU
		{AA2BF642-4B73-4118-9E2E-4C07A4A26F06}.Release|Any CPU.Build.0 = Release|Any CPU
		{AA2BF642-4B73-4118-9E2E-4C07A4A26F06}.Release|Mixed Platforms.ActiveCfg = Release|Any CPU
		{AA2BF642-4B73-4118-9E2E-4C07A4A26F06}.Release|Mixed Platforms.Build.0 = Release|Any CPU
		{AA2BF642-4B73-4118-9E2E-4C07A4A26F06}.Release|x86.ActiveCfg = Release|Any CPU
		{64686E31-D57E-4E3C-ABDB-02EE4CAA9285}.Debug|Any CPU.ActiveCfg = Debug|Any CPU
		{64686E31-D57E-4E3C-ABDB-02EE4CAA9285}.Debug|Any CPU.Build.0 = Debug|Any CPU
		{64686E31-D57E-4E3C-ABDB-02EE4CAA9285}.Debug|Mixed Platforms.ActiveCfg = Debug|Any CPU
		{64686E31-D57E-4E3C-ABDB-02EE4CAA9285}.Debug|Mixed Platforms.Build.0 = Debug|Any CPU
		{64686E31-D57E-4E3C-ABDB-02EE4CAA9285}.Debug|x86.ActiveCfg = Debug|Any CPU
		{64686E31-D57E-4E3C-ABDB-02EE4CAA9285}.Release|Any CPU.ActiveCfg = Release|Any CPU
		{64686E31-D57E-4E3C-ABDB-02EE4CAA9285}.Release|Any CPU.Build.0 = Release|Any CPU
		{64686E31-D57E-4E3C-ABDB-02EE4CAA9285}.Release|Mixed Platforms.ActiveCfg = Release|Any CPU
		{64686E31-D57E-4E3C-ABDB-02EE4CAA9285}.Release|Mixed Platforms.Build.0 = Release|Any CPU
		{64686E31-D57E-4E3C-ABDB-02EE4CAA9285}.Release|x86.ActiveCfg = Release|Any CPU
		{6A2ACFF5-F216-4396-A4CF-E854ED33B254}.Debug|Any CPU.ActiveCfg = Debug|Any CPU
		{6A2ACFF5-F216-4396-A4CF-E854ED33B254}.Debug|Any CPU.Build.0 = Debug|Any CPU
		{6A2ACFF5-F216-4396-A4CF-E854ED33B254}.Debug|Mixed Platforms.ActiveCfg = Debug|Any CPU
		{6A2ACFF5-F216-4396-A4CF-E854ED33B254}.Debug|Mixed Platforms.Build.0 = Debug|Any CPU
		{6A2ACFF5-F216-4396-A4CF-E854ED33B254}.Debug|x86.ActiveCfg = Debug|Any CPU
		{6A2ACFF5-F216-4396-A4CF-E854ED33B254}.Release|Any CPU.ActiveCfg = Release|Any CPU
		{6A2ACFF5-F216-4396-A4CF-E854ED33B254}.Release|Any CPU.Build.0 = Release|Any CPU
		{6A2ACFF5-F216-4396-A4CF-E854ED33B254}.Release|Mixed Platforms.ActiveCfg = Release|Any CPU
		{6A2ACFF5-F216-4396-A4CF-E854ED33B254}.Release|Mixed Platforms.Build.0 = Release|Any CPU
		{6A2ACFF5-F216-4396-A4CF-E854ED33B254}.Release|x86.ActiveCfg = Release|Any CPU
		{B5A3A843-E5DF-4053-AD7E-464C5014C825}.Debug|Any CPU.ActiveCfg = Debug|Any CPU
		{B5A3A843-E5DF-4053-AD7E-464C5014C825}.Debug|Any CPU.Build.0 = Debug|Any CPU
		{B5A3A843-E5DF-4053-AD7E-464C5014C825}.Debug|Mixed Platforms.ActiveCfg = Debug|Any CPU
		{B5A3A843-E5DF-4053-AD7E-464C5014C825}.Debug|Mixed Platforms.Build.0 = Debug|Any CPU
		{B5A3A843-E5DF-4053-AD7E-464C5014C825}.Debug|x86.ActiveCfg = Debug|Any CPU
		{B5A3A843-E5DF-4053-AD7E-464C5014C825}.Release|Any CPU.ActiveCfg = Release|Any CPU
		{B5A3A843-E5DF-4053-AD7E-464C5014C825}.Release|Any CPU.Build.0 = Release|Any CPU
		{B5A3A843-E5DF-4053-AD7E-464C5014C825}.Release|Mixed Platforms.ActiveCfg = Release|Any CPU
		{B5A3A843-E5DF-4053-AD7E-464C5014C825}.Release|Mixed Platforms.Build.0 = Release|Any CPU
		{B5A3A843-E5DF-4053-AD7E-464C5014C825}.Release|x86.ActiveCfg = Release|Any CPU
		{73070503-0470-47DA-B686-C4C11489CB05}.Debug|Any CPU.ActiveCfg = Debug|Any CPU
		{73070503-0470-47DA-B686-C4C11489CB05}.Debug|Any CPU.Build.0 = Debug|Any CPU
		{73070503-0470-47DA-B686-C4C11489CB05}.Debug|Mixed Platforms.ActiveCfg = Debug|Any CPU
		{73070503-0470-47DA-B686-C4C11489CB05}.Debug|Mixed Platforms.Build.0 = Debug|Any CPU
		{73070503-0470-47DA-B686-C4C11489CB05}.Debug|x86.ActiveCfg = Debug|Any CPU
		{73070503-0470-47DA-B686-C4C11489CB05}.Release|Any CPU.ActiveCfg = Release|Any CPU
		{73070503-0470-47DA-B686-C4C11489CB05}.Release|Any CPU.Build.0 = Release|Any CPU
		{73070503-0470-47DA-B686-C4C11489CB05}.Release|Mixed Platforms.ActiveCfg = Release|Any CPU
		{73070503-0470-47DA-B686-C4C11489CB05}.Release|Mixed Platforms.Build.0 = Release|Any CPU
		{73070503-0470-47DA-B686-C4C11489CB05}.Release|x86.ActiveCfg = Release|Any CPU
		{ACAA433E-AB18-4B87-BCA1-29CE8DF139E2}.Debug|Any CPU.ActiveCfg = Debug|Any CPU
		{ACAA433E-AB18-4B87-BCA1-29CE8DF139E2}.Debug|Any CPU.Build.0 = Debug|Any CPU
		{ACAA433E-AB18-4B87-BCA1-29CE8DF139E2}.Debug|Mixed Platforms.ActiveCfg = Debug|Any CPU
		{ACAA433E-AB18-4B87-BCA1-29CE8DF139E2}.Debug|Mixed Platforms.Build.0 = Debug|Any CPU
		{ACAA433E-AB18-4B87-BCA1-29CE8DF139E2}.Debug|x86.ActiveCfg = Debug|Any CPU
		{ACAA433E-AB18-4B87-BCA1-29CE8DF139E2}.Release|Any CPU.ActiveCfg = Release|Any CPU
		{ACAA433E-AB18-4B87-BCA1-29CE8DF139E2}.Release|Any CPU.Build.0 = Release|Any CPU
		{ACAA433E-AB18-4B87-BCA1-29CE8DF139E2}.Release|Mixed Platforms.ActiveCfg = Release|Any CPU
		{ACAA433E-AB18-4B87-BCA1-29CE8DF139E2}.Release|Mixed Platforms.Build.0 = Release|Any CPU
		{ACAA433E-AB18-4B87-BCA1-29CE8DF139E2}.Release|x86.ActiveCfg = Release|Any CPU
		{2EB80EFD-E718-49F0-A8F7-3CEF2530AD5C}.Debug|Any CPU.ActiveCfg = Debug|Any CPU
		{2EB80EFD-E718-49F0-A8F7-3CEF2530AD5C}.Debug|Any CPU.Build.0 = Debug|Any CPU
		{2EB80EFD-E718-49F0-A8F7-3CEF2530AD5C}.Debug|Mixed Platforms.ActiveCfg = Debug|Any CPU
		{2EB80EFD-E718-49F0-A8F7-3CEF2530AD5C}.Debug|Mixed Platforms.Build.0 = Debug|Any CPU
		{2EB80EFD-E718-49F0-A8F7-3CEF2530AD5C}.Debug|x86.ActiveCfg = Debug|Any CPU
		{2EB80EFD-E718-49F0-A8F7-3CEF2530AD5C}.Release|Any CPU.ActiveCfg = Release|Any CPU
		{2EB80EFD-E718-49F0-A8F7-3CEF2530AD5C}.Release|Any CPU.Build.0 = Release|Any CPU
		{2EB80EFD-E718-49F0-A8F7-3CEF2530AD5C}.Release|Mixed Platforms.ActiveCfg = Release|Any CPU
		{2EB80EFD-E718-49F0-A8F7-3CEF2530AD5C}.Release|Mixed Platforms.Build.0 = Release|Any CPU
		{2EB80EFD-E718-49F0-A8F7-3CEF2530AD5C}.Release|x86.ActiveCfg = Release|Any CPU
		{5C9A8F90-51BF-4689-9089-7F918959E85B}.Debug|Any CPU.ActiveCfg = Debug|Any CPU
		{5C9A8F90-51BF-4689-9089-7F918959E85B}.Debug|Any CPU.Build.0 = Debug|Any CPU
		{5C9A8F90-51BF-4689-9089-7F918959E85B}.Debug|Mixed Platforms.ActiveCfg = Debug|Any CPU
		{5C9A8F90-51BF-4689-9089-7F918959E85B}.Debug|Mixed Platforms.Build.0 = Debug|Any CPU
		{5C9A8F90-51BF-4689-9089-7F918959E85B}.Debug|x86.ActiveCfg = Debug|Any CPU
		{5C9A8F90-51BF-4689-9089-7F918959E85B}.Release|Any CPU.ActiveCfg = Release|Any CPU
		{5C9A8F90-51BF-4689-9089-7F918959E85B}.Release|Any CPU.Build.0 = Release|Any CPU
		{5C9A8F90-51BF-4689-9089-7F918959E85B}.Release|Mixed Platforms.ActiveCfg = Release|Any CPU
		{5C9A8F90-51BF-4689-9089-7F918959E85B}.Release|Mixed Platforms.Build.0 = Release|Any CPU
		{5C9A8F90-51BF-4689-9089-7F918959E85B}.Release|x86.ActiveCfg = Release|Any CPU
		{7A820C62-07C3-427C-9C22-7BCBEB7402A7}.Debug|Any CPU.ActiveCfg = Debug|Any CPU
		{7A820C62-07C3-427C-9C22-7BCBEB7402A7}.Debug|Any CPU.Build.0 = Debug|Any CPU
		{7A820C62-07C3-427C-9C22-7BCBEB7402A7}.Debug|Mixed Platforms.ActiveCfg = Debug|Any CPU
		{7A820C62-07C3-427C-9C22-7BCBEB7402A7}.Debug|Mixed Platforms.Build.0 = Debug|Any CPU
		{7A820C62-07C3-427C-9C22-7BCBEB7402A7}.Debug|x86.ActiveCfg = Debug|Any CPU
		{7A820C62-07C3-427C-9C22-7BCBEB7402A7}.Release|Any CPU.ActiveCfg = Release|Any CPU
		{7A820C62-07C3-427C-9C22-7BCBEB7402A7}.Release|Any CPU.Build.0 = Release|Any CPU
		{7A820C62-07C3-427C-9C22-7BCBEB7402A7}.Release|Mixed Platforms.ActiveCfg = Release|Any CPU
		{7A820C62-07C3-427C-9C22-7BCBEB7402A7}.Release|Mixed Platforms.Build.0 = Release|Any CPU
		{7A820C62-07C3-427C-9C22-7BCBEB7402A7}.Release|x86.ActiveCfg = Release|Any CPU
		{5E58375A-2D5E-4443-9FBB-A40751559AC6}.Debug|Any CPU.ActiveCfg = Debug|Any CPU
		{5E58375A-2D5E-4443-9FBB-A40751559AC6}.Debug|Any CPU.Build.0 = Debug|Any CPU
		{5E58375A-2D5E-4443-9FBB-A40751559AC6}.Debug|Mixed Platforms.ActiveCfg = Debug|Any CPU
		{5E58375A-2D5E-4443-9FBB-A40751559AC6}.Debug|Mixed Platforms.Build.0 = Debug|Any CPU
		{5E58375A-2D5E-4443-9FBB-A40751559AC6}.Debug|x86.ActiveCfg = Debug|Any CPU
		{5E58375A-2D5E-4443-9FBB-A40751559AC6}.Release|Any CPU.ActiveCfg = Release|Any CPU
		{5E58375A-2D5E-4443-9FBB-A40751559AC6}.Release|Any CPU.Build.0 = Release|Any CPU
		{5E58375A-2D5E-4443-9FBB-A40751559AC6}.Release|Mixed Platforms.ActiveCfg = Release|Any CPU
		{5E58375A-2D5E-4443-9FBB-A40751559AC6}.Release|Mixed Platforms.Build.0 = Release|Any CPU
		{5E58375A-2D5E-4443-9FBB-A40751559AC6}.Release|x86.ActiveCfg = Release|Any CPU
		{3399E548-D6B8-4B33-AF9A-C3ADAD4BE269}.Debug|Any CPU.ActiveCfg = Debug|Any CPU
		{3399E548-D6B8-4B33-AF9A-C3ADAD4BE269}.Debug|Any CPU.Build.0 = Debug|Any CPU
		{3399E548-D6B8-4B33-AF9A-C3ADAD4BE269}.Debug|Mixed Platforms.ActiveCfg = Debug|Any CPU
		{3399E548-D6B8-4B33-AF9A-C3ADAD4BE269}.Debug|Mixed Platforms.Build.0 = Debug|Any CPU
		{3399E548-D6B8-4B33-AF9A-C3ADAD4BE269}.Debug|x86.ActiveCfg = Debug|Any CPU
		{3399E548-D6B8-4B33-AF9A-C3ADAD4BE269}.Release|Any CPU.ActiveCfg = Release|Any CPU
		{3399E548-D6B8-4B33-AF9A-C3ADAD4BE269}.Release|Any CPU.Build.0 = Release|Any CPU
		{3399E548-D6B8-4B33-AF9A-C3ADAD4BE269}.Release|Mixed Platforms.ActiveCfg = Release|Any CPU
		{3399E548-D6B8-4B33-AF9A-C3ADAD4BE269}.Release|Mixed Platforms.Build.0 = Release|Any CPU
		{3399E548-D6B8-4B33-AF9A-C3ADAD4BE269}.Release|x86.ActiveCfg = Release|Any CPU
	EndGlobalSection
	GlobalSection(SolutionProperties) = preSolution
		HideSolutionNode = FALSE
	EndGlobalSection
EndGlobal
